// !$*UTF8*$!
{
	archiveVersion = 1;
	classes = {
	};
	objectVersion = 46;
	objects = {

/* Begin PBXBuildFile section */
		552E42181E3BE772001E75F1 /* AppDelegate.swift in Sources */ = {isa = PBXBuildFile; fileRef = 552E42171E3BE772001E75F1 /* AppDelegate.swift */; };
		552E421A1E3BE772001E75F1 /* ViewController.swift in Sources */ = {isa = PBXBuildFile; fileRef = 552E42191E3BE772001E75F1 /* ViewController.swift */; };
		552E421D1E3BE772001E75F1 /* Main.storyboard in Resources */ = {isa = PBXBuildFile; fileRef = 552E421B1E3BE772001E75F1 /* Main.storyboard */; };
		552E421F1E3BE772001E75F1 /* Assets.xcassets in Resources */ = {isa = PBXBuildFile; fileRef = 552E421E1E3BE772001E75F1 /* Assets.xcassets */; };
		552E42221E3BE772001E75F1 /* LaunchScreen.storyboard in Resources */ = {isa = PBXBuildFile; fileRef = 552E42201E3BE772001E75F1 /* LaunchScreen.storyboard */; };
		557946D11E3BF29A007CB2B0 /* CoreLocation.framework in Frameworks */ = {isa = PBXBuildFile; fileRef = 557946D01E3BF29A007CB2B0 /* CoreLocation.framework */; };
		557946F11E3CF037007CB2B0 /* TableViewController.swift in Sources */ = {isa = PBXBuildFile; fileRef = 557946F01E3CF037007CB2B0 /* TableViewController.swift */; };
/* End PBXBuildFile section */

/* Begin PBXFileReference section */
		552E42141E3BE772001E75F1 /* iOSGeoCodingSample.app */ = {isa = PBXFileReference; explicitFileType = wrapper.application; includeInIndex = 0; path = iOSGeoCodingSample.app; sourceTree = BUILT_PRODUCTS_DIR; };
		552E42171E3BE772001E75F1 /* AppDelegate.swift */ = {isa = PBXFileReference; lastKnownFileType = sourcecode.swift; path = AppDelegate.swift; sourceTree = "<group>"; };
		552E42191E3BE772001E75F1 /* ViewController.swift */ = {isa = PBXFileReference; lastKnownFileType = sourcecode.swift; path = ViewController.swift; sourceTree = "<group>"; };
		552E421C1E3BE772001E75F1 /* Base */ = {isa = PBXFileReference; lastKnownFileType = file.storyboard; name = Base; path = Base.lproj/Main.storyboard; sourceTree = "<group>"; };
		552E421E1E3BE772001E75F1 /* Assets.xcassets */ = {isa = PBXFileReference; lastKnownFileType = folder.assetcatalog; path = Assets.xcassets; sourceTree = "<group>"; };
		552E42211E3BE772001E75F1 /* Base */ = {isa = PBXFileReference; lastKnownFileType = file.storyboard; name = Base; path = Base.lproj/LaunchScreen.storyboard; sourceTree = "<group>"; };
		552E42231E3BE772001E75F1 /* Info.plist */ = {isa = PBXFileReference; lastKnownFileType = text.plist.xml; path = Info.plist; sourceTree = "<group>"; };
		557946D01E3BF29A007CB2B0 /* CoreLocation.framework */ = {isa = PBXFileReference; lastKnownFileType = wrapper.framework; name = CoreLocation.framework; path = System/Library/Frameworks/CoreLocation.framework; sourceTree = SDKROOT; };
		557946F01E3CF037007CB2B0 /* TableViewController.swift */ = {isa = PBXFileReference; fileEncoding = 4; lastKnownFileType = sourcecode.swift; path = TableViewController.swift; sourceTree = "<group>"; };
/* End PBXFileReference section */

/* Begin PBXFrameworksBuildPhase section */
		552E42111E3BE772001E75F1 /* Frameworks */ = {
			isa = PBXFrameworksBuildPhase;
			buildActionMask = 2147483647;
			files = (
				557946D11E3BF29A007CB2B0 /* CoreLocation.framework in Frameworks */,
			);
			runOnlyForDeploymentPostprocessing = 0;
		};
/* End PBXFrameworksBuildPhase section */

/* Begin PBXGroup section */
		552E420B1E3BE772001E75F1 = {
			isa = PBXGroup;
			children = (
				552E42161E3BE772001E75F1 /* iOSGeoCodingSample */,
				552E42151E3BE772001E75F1 /* Products */,
				557946CF1E3BF29A007CB2B0 /* Frameworks */,
			);
			sourceTree = "<group>";
		};
		552E42151E3BE772001E75F1 /* Products */ = {
			isa = PBXGroup;
			children = (
				552E42141E3BE772001E75F1 /* iOSGeoCodingSample.app */,
			);
			name = Products;
			sourceTree = "<group>";
		};
		552E42161E3BE772001E75F1 /* iOSGeoCodingSample */ = {
			isa = PBXGroup;
			children = (
				552E42171E3BE772001E75F1 /* AppDelegate.swift */,
				552E42191E3BE772001E75F1 /* ViewController.swift */,
				552E421B1E3BE772001E75F1 /* Main.storyboard */,
				552E421E1E3BE772001E75F1 /* Assets.xcassets */,
				552E42201E3BE772001E75F1 /* LaunchScreen.storyboard */,
				552E42231E3BE772001E75F1 /* Info.plist */,
				557946F01E3CF037007CB2B0 /* TableViewController.swift */,
			);
			path = iOSGeoCodingSample;
			sourceTree = "<group>";
		};
		557946CF1E3BF29A007CB2B0 /* Frameworks */ = {
			isa = PBXGroup;
			children = (
				557946D01E3BF29A007CB2B0 /* CoreLocation.framework */,
			);
			name = Frameworks;
			sourceTree = "<group>";
		};
/* End PBXGroup section */

/* Begin PBXNativeTarget section */
		552E42131E3BE772001E75F1 /* iOSGeoCodingSample */ = {
			isa = PBXNativeTarget;
			buildConfigurationList = 552E42261E3BE772001E75F1 /* Build configuration list for PBXNativeTarget "iOSGeoCodingSample" */;
			buildPhases = (
				552E42101E3BE772001E75F1 /* Sources */,
				552E42111E3BE772001E75F1 /* Frameworks */,
				552E42121E3BE772001E75F1 /* Resources */,
			);
			buildRules = (
			);
			dependencies = (
			);
			name = iOSGeoCodingSample;
			productName = iOSGeoCodingSample;
			productReference = 552E42141E3BE772001E75F1 /* iOSGeoCodingSample.app */;
			productType = "com.apple.product-type.application";
		};
/* End PBXNativeTarget section */

/* Begin PBXProject section */
		552E420C1E3BE772001E75F1 /* Project object */ = {
			isa = PBXProject;
			attributes = {
				LastSwiftUpdateCheck = 0820;
				LastUpgradeCheck = 0820;
				ORGANIZATIONNAME = Bit2Labz;
				TargetAttributes = {
					552E42131E3BE772001E75F1 = {
						CreatedOnToolsVersion = 8.2.1;
						ProvisioningStyle = Automatic;
					};
				};
			};
			buildConfigurationList = 552E420F1E3BE772001E75F1 /* Build configuration list for PBXProject "iOSGeoCodingSample" */;
			compatibilityVersion = "Xcode 3.2";
			developmentRegion = English;
			hasScannedForEncodings = 0;
			knownRegions = (
				en,
				Base,
			);
			mainGroup = 552E420B1E3BE772001E75F1;
			productRefGroup = 552E42151E3BE772001E75F1 /* Products */;
			projectDirPath = "";
			projectRoot = "";
			targets = (
				552E42131E3BE772001E75F1 /* iOSGeoCodingSample */,
			);
		};
/* End PBXProject section */

/* Begin PBXResourcesBuildPhase section */
		552E42121E3BE772001E75F1 /* Resources */ = {
			isa = PBXResourcesBuildPhase;
			buildActionMask = 2147483647;
			files = (
				552E42221E3BE772001E75F1 /* LaunchScreen.storyboard in Resources */,
				552E421F1E3BE772001E75F1 /* Assets.xcassets in Resources */,
				552E421D1E3BE772001E75F1 /* Main.storyboard in Resources */,
			);
			runOnlyForDeploymentPostprocessing = 0;
		};
/* End PBXResourcesBuildPhase section */

/* Begin PBXSourcesBuildPhase section */
		552E42101E3BE772001E75F1 /* Sources */ = {
			isa = PBXSourcesBuildPhase;
			buildActionMask = 2147483647;
			files = (
				552E421A1E3BE772001E75F1 /* ViewController.swift in Sources */,
				557946F11E3CF037007CB2B0 /* TableViewController.swift in Sources */,
				552E42181E3BE772001E75F1 /* AppDelegate.swift in Sources */,
			);
			runOnlyForDeploymentPostprocessing = 0;
		};
/* End PBXSourcesBuildPhase section */

/* Begin PBXVariantGroup section */
		552E421B1E3BE772001E75F1 /* Main.storyboard */ = {
			isa = PBXVariantGroup;
			children = (
				552E421C1E3BE772001E75F1 /* Base */,
			);
			name = Main.storyboard;
			sourceTree = "<group>";
		};
		552E42201E3BE772001E75F1 /* LaunchScreen.storyboard */ = {
			isa = PBXVariantGroup;
			children = (
				552E42211E3BE772001E75F1 /* Base */,
			);
			name = LaunchScreen.storyboard;
			sourceTree = "<group>";
		};
/* End PBXVariantGroup section */

/* Begin XCBuildConfiguration section */
		552E42241E3BE772001E75F1 /* Debug */ = {
			isa = XCBuildConfiguration;
			buildSettings = {
				ALWAYS_SEARCH_USER_PATHS = NO;
				CLANG_ANALYZER_NONNULL = YES;
				CLANG_CXX_LANGUAGE_STANDARD = "gnu++0x";
				CLANG_CXX_LIBRARY = "libc++";
				CLANG_ENABLE_MODULES = YES;
				CLANG_ENABLE_OBJC_ARC = YES;
				CLANG_WARN_BOOL_CONVERSION = YES;
				CLANG_WARN_CONSTANT_CONVERSION = YES;
				CLANG_WARN_DIRECT_OBJC_ISA_USAGE = YES_ERROR;
				CLANG_WARN_DOCUMENTATION_COMMENTS = YES;
				CLANG_WARN_EMPTY_BODY = YES;
				CLANG_WARN_ENUM_CONVERSION = YES;
				CLANG_WARN_INFINITE_RECURSION = YES;
				CLANG_WARN_INT_CONVERSION = YES;
				CLANG_WARN_OBJC_ROOT_CLASS = YES_ERROR;
				CLANG_WARN_SUSPICIOUS_MOVE = YES;
				CLANG_WARN_UNREACHABLE_CODE = YES;
				CLANG_WARN__DUPLICATE_METHOD_MATCH = YES;
				"CODE_SIGN_IDENTITY[sdk=iphoneos*]" = "iPhone Developer";
				COPY_PHASE_STRIP = NO;
				DEBUG_INFORMATION_FORMAT = dwarf;
				ENABLE_STRICT_OBJC_MSGSEND = YES;
				ENABLE_TESTABILITY = YES;
				GCC_C_LANGUAGE_STANDARD = gnu99;
				GCC_DYNAMIC_NO_PIC = NO;
				GCC_NO_COMMON_BLOCKS = YES;
				GCC_OPTIMIZATION_LEVEL = 0;
				GCC_PREPROCESSOR_DEFINITIONS = (
					"DEBUG=1",
					"$(inherited)",
				);
				GCC_WARN_64_TO_32_BIT_CONVERSION = YES;
				GCC_WARN_ABOUT_RETURN_TYPE = YES_ERROR;
				GCC_WARN_UNDECLARED_SELECTOR = YES;
				GCC_WARN_UNINITIALIZED_AUTOS = YES_AGGRESSIVE;
				GCC_WARN_UNUSED_FUNCTION = YES;
				GCC_WARN_UNUSED_VARIABLE = YES;
				IPHONEOS_DEPLOYMENT_TARGET = 10.2;
				MTL_ENABLE_DEBUG_INFO = YES;
				ONLY_ACTIVE_ARCH = YES;
				SDKROOT = iphoneos;
				SWIFT_ACTIVE_COMPILATION_CONDITIONS = DEBUG;
				SWIFT_OPTIMIZATION_LEVEL = "-Onone";
			};
			name = Debug;
		};
		552E42251E3BE772001E75F1 /* Release */ = {
			isa = XCBuildConfiguration;
			buildSettings = {
				ALWAYS_SEARCH_USER_PATHS = NO;
				CLANG_ANALYZER_NONNULL = YES;
				CLANG_CXX_LANGUAGE_STANDARD = "gnu++0x";
				CLANG_CXX_LIBRARY = "libc++";
				CLANG_ENABLE_MODULES = YES;
				CLANG_ENABLE_OBJC_ARC = YES;
				CLANG_WARN_BOOL_CONVERSION = YES;
				CLANG_WARN_CONSTANT_CONVERSION = YES;
				CLANG_WARN_DIRECT_OBJC_ISA_USAGE = YES_ERROR;
				CLANG_WARN_DOCUMENTATION_COMMENTS = YES;
				CLANG_WARN_EMPTY_BODY = YES;
				CLANG_WARN_ENUM_CONVERSION = YES;
				CLANG_WARN_INFINITE_RECURSION = YES;
				CLANG_WARN_INT_CONVERSION = YES;
				CLANG_WARN_OBJC_ROOT_CLASS = YES_ERROR;
				CLANG_WARN_SUSPICIOUS_MOVE = YES;
				CLANG_WARN_UNREACHABLE_CODE = YES;
				CLANG_WARN__DUPLICATE_METHOD_MATCH = YES;
				"CODE_SIGN_IDENTITY[sdk=iphoneos*]" = "iPhone Developer";
				COPY_PHASE_STRIP = NO;
				DEBUG_INFORMATION_FORMAT = "dwarf-with-dsym";
				ENABLE_NS_ASSERTIONS = NO;
				ENABLE_STRICT_OBJC_MSGSEND = YES;
				GCC_C_LANGUAGE_STANDARD = gnu99;
				GCC_NO_COMMON_BLOCKS = YES;
				GCC_WARN_64_TO_32_BIT_CONVERSION = YES;
				GCC_WARN_ABOUT_RETURN_TYPE = YES_ERROR;
				GCC_WARN_UNDECLARED_SELECTOR = YES;
				GCC_WARN_UNINITIALIZED_AUTOS = YES_AGGRESSIVE;
				GCC_WARN_UNUSED_FUNCTION = YES;
				GCC_WARN_UNUSED_VARIABLE = YES;
				IPHONEOS_DEPLOYMENT_TARGET = 10.2;
				MTL_ENABLE_DEBUG_INFO = NO;
				SDKROOT = iphoneos;
				SWIFT_OPTIMIZATION_LEVEL = "-Owholemodule";
				VALIDATE_PRODUCT = YES;
			};
			name = Release;
		};
		552E42271E3BE772001E75F1 /* Debug */ = {
			isa = XCBuildConfiguration;
			buildSettings = {
				ASSETCATALOG_COMPILER_APPICON_NAME = AppIcon;
				INFOPLIST_FILE = iOSGeoCodingSample/Info.plist;
				LD_RUNPATH_SEARCH_PATHS = "$(inherited) @executable_path/Frameworks";
				PRODUCT_BUNDLE_IDENTIFIER = com.bit2labz.iOSGeoCodingSample;
				PRODUCT_NAME = "$(TARGET_NAME)";
				SWIFT_VERSION = 3.0;
			};
			name = Debug;
		};
		552E42281E3BE772001E75F1 /* Release */ = {
			isa = XCBuildConfiguration;
			buildSettings = {
				ASSETCATALOG_COMPILER_APPICON_NAME = AppIcon;
				INFOPLIST_FILE = iOSGeoCodingSample/Info.plist;
				LD_RUNPATH_SEARCH_PATHS = "$(inherited) @executable_path/Frameworks";
				PRODUCT_BUNDLE_IDENTIFIER = com.bit2labz.iOSGeoCodingSample;
				PRODUCT_NAME = "$(TARGET_NAME)";
				SWIFT_VERSION = 3.0;
			};
			name = Release;
		};
/* End XCBuildConfiguration section */

/* Begin XCConfigurationList section */
		552E420F1E3BE772001E75F1 /* Build configuration list for PBXProject "iOSGeoCodingSample" */ = {
			isa = XCConfigurationList;
			buildConfigurations = (
				552E42241E3BE772001E75F1 /* Debug */,
				552E42251E3BE772001E75F1 /* Release */,
			);
			defaultConfigurationIsVisible = 0;
			defaultConfigurationName = Release;
		};
		552E42261E3BE772001E75F1 /* Build configuration list for PBXNativeTarget "iOSGeoCodingSample" */ = {
			isa = XCConfigurationList;
			buildConfigurations = (
				552E42271E3BE772001E75F1 /* Debug */,
				552E42281E3BE772001E75F1 /* Release */,
			);
			defaultConfigurationIsVisible = 0;
			defaultConfigurationName = Release;
		};
/* End XCConfigurationList section */
	};
	rootObject = 552E420C1E3BE772001E75F1 /* Project object */;
}
